// !$*UTF8*$!
{
	archiveVersion = 1;
	classes = {
	};
	objectVersion = 56;
	objects = {

/* Begin PBXBuildFile section */
		DD43BDB32921AD3000A1D60D /* LoseView.swift in Sources */ = {isa = PBXBuildFile; fileRef = DD43BDB22921AD3000A1D60D /* LoseView.swift */; };
		DDC737AC2916C6D300CC8D70 /* AppDelegate.swift in Sources */ = {isa = PBXBuildFile; fileRef = DDC737AB2916C6D300CC8D70 /* AppDelegate.swift */; };
		DDC737AE2916C6D300CC8D70 /* SceneDelegate.swift in Sources */ = {isa = PBXBuildFile; fileRef = DDC737AD2916C6D300CC8D70 /* SceneDelegate.swift */; };
		DDC737B02916C6D300CC8D70 /* MainView.swift in Sources */ = {isa = PBXBuildFile; fileRef = DDC737AF2916C6D300CC8D70 /* MainView.swift */; };
		DDC737B32916C6D300CC8D70 /* Main.storyboard in Resources */ = {isa = PBXBuildFile; fileRef = DDC737B12916C6D300CC8D70 /* Main.storyboard */; };
		DDC737B52916C6D400CC8D70 /* Assets.xcassets in Resources */ = {isa = PBXBuildFile; fileRef = DDC737B42916C6D400CC8D70 /* Assets.xcassets */; };
		DDC737B82916C6D400CC8D70 /* LaunchScreen.storyboard in Resources */ = {isa = PBXBuildFile; fileRef = DDC737B62916C6D400CC8D70 /* LaunchScreen.storyboard */; };
		DDC737C02916C70900CC8D70 /* Model.swift in Sources */ = {isa = PBXBuildFile; fileRef = DDC737BF2916C70900CC8D70 /* Model.swift */; };
		DDC737C22917534A00CC8D70 /* GameState.swift in Sources */ = {isa = PBXBuildFile; fileRef = DDC737C12917534A00CC8D70 /* GameState.swift */; };
		DDC737C42917542600CC8D70 /* Support.swift in Sources */ = {isa = PBXBuildFile; fileRef = DDC737C32917542600CC8D70 /* Support.swift */; };
/* End PBXBuildFile section */

/* Begin PBXFileReference section */
		DD43BDB22921AD3000A1D60D /* LoseView.swift */ = {isa = PBXFileReference; lastKnownFileType = sourcecode.swift; path = LoseView.swift; sourceTree = "<group>"; };
		DDC737A82916C6D300CC8D70 /* firstGame.app */ = {isa = PBXFileReference; explicitFileType = wrapper.application; includeInIndex = 0; path = firstGame.app; sourceTree = BUILT_PRODUCTS_DIR; };
		DDC737AB2916C6D300CC8D70 /* AppDelegate.swift */ = {isa = PBXFileReference; lastKnownFileType = sourcecode.swift; path = AppDelegate.swift; sourceTree = "<group>"; };
		DDC737AD2916C6D300CC8D70 /* SceneDelegate.swift */ = {isa = PBXFileReference; lastKnownFileType = sourcecode.swift; path = SceneDelegate.swift; sourceTree = "<group>"; };
		DDC737AF2916C6D300CC8D70 /* MainView.swift */ = {isa = PBXFileReference; lastKnownFileType = sourcecode.swift; path = MainView.swift; sourceTree = "<group>"; };
		DDC737B22916C6D300CC8D70 /* Base */ = {isa = PBXFileReference; lastKnownFileType = file.storyboard; name = Base; path = Base.lproj/Main.storyboard; sourceTree = "<group>"; };
		DDC737B42916C6D400CC8D70 /* Assets.xcassets */ = {isa = PBXFileReference; lastKnownFileType = folder.assetcatalog; path = Assets.xcassets; sourceTree = "<group>"; };
		DDC737B72916C6D400CC8D70 /* Base */ = {isa = PBXFileReference; lastKnownFileType = file.storyboard; name = Base; path = Base.lproj/LaunchScreen.storyboard; sourceTree = "<group>"; };
		DDC737B92916C6D400CC8D70 /* Info.plist */ = {isa = PBXFileReference; lastKnownFileType = text.plist.xml; path = Info.plist; sourceTree = "<group>"; };
		DDC737BF2916C70900CC8D70 /* Model.swift */ = {isa = PBXFileReference; lastKnownFileType = sourcecode.swift; path = Model.swift; sourceTree = "<group>"; };
		DDC737C12917534A00CC8D70 /* GameState.swift */ = {isa = PBXFileReference; lastKnownFileType = sourcecode.swift; path = GameState.swift; sourceTree = "<group>"; };
		DDC737C32917542600CC8D70 /* Support.swift */ = {isa = PBXFileReference; lastKnownFileType = sourcecode.swift; path = Support.swift; sourceTree = "<group>"; };
/* End PBXFileReference section */

/* Begin PBXFrameworksBuildPhase section */
		DDC737A52916C6D300CC8D70 /* Frameworks */ = {
			isa = PBXFrameworksBuildPhase;
			buildActionMask = 2147483647;
			files = (
			);
			runOnlyForDeploymentPostprocessing = 0;
		};
/* End PBXFrameworksBuildPhase section */

/* Begin PBXGroup section */
		DDC7379F2916C6D300CC8D70 = {
			isa = PBXGroup;
			children = (
				DDC737AA2916C6D300CC8D70 /* firstGame */,
				DDC737A92916C6D300CC8D70 /* Products */,
			);
			sourceTree = "<group>";
		};
		DDC737A92916C6D300CC8D70 /* Products */ = {
			isa = PBXGroup;
			children = (
				DDC737A82916C6D300CC8D70 /* firstGame.app */,
			);
			name = Products;
			sourceTree = "<group>";
		};
		DDC737AA2916C6D300CC8D70 /* firstGame */ = {
			isa = PBXGroup;
			children = (
				DDC737AB2916C6D300CC8D70 /* AppDelegate.swift */,
				DDC737AD2916C6D300CC8D70 /* SceneDelegate.swift */,
				DDC737AF2916C6D300CC8D70 /* MainView.swift */,
				DD43BDB22921AD3000A1D60D /* LoseView.swift */,
				DDC737BF2916C70900CC8D70 /* Model.swift */,
				DDC737C32917542600CC8D70 /* Support.swift */,
				DDC737C12917534A00CC8D70 /* GameState.swift */,
				DDC737B12916C6D300CC8D70 /* Main.storyboard */,
				DDC737B42916C6D400CC8D70 /* Assets.xcassets */,
				DDC737B62916C6D400CC8D70 /* LaunchScreen.storyboard */,
				DDC737B92916C6D400CC8D70 /* Info.plist */,
			);
			path = firstGame;
			sourceTree = "<group>";
		};
/* End PBXGroup section */

/* Begin PBXNativeTarget section */
		DDC737A72916C6D300CC8D70 /* firstGame */ = {
			isa = PBXNativeTarget;
			buildConfigurationList = DDC737BC2916C6D400CC8D70 /* Build configuration list for PBXNativeTarget "firstGame" */;
			buildPhases = (
				DDC737A42916C6D300CC8D70 /* Sources */,
				DDC737A52916C6D300CC8D70 /* Frameworks */,
				DDC737A62916C6D300CC8D70 /* Resources */,
			);
			buildRules = (
			);
			dependencies = (
			);
			name = firstGame;
			productName = firstGame;
			productReference = DDC737A82916C6D300CC8D70 /* firstGame.app */;
			productType = "com.apple.product-type.application";
		};
/* End PBXNativeTarget section */

/* Begin PBXProject section */
		DDC737A02916C6D300CC8D70 /* Project object */ = {
			isa = PBXProject;
			attributes = {
				BuildIndependentTargetsInParallel = 1;
				LastSwiftUpdateCheck = 1410;
				LastUpgradeCheck = 1410;
				TargetAttributes = {
					DDC737A72916C6D300CC8D70 = {
						CreatedOnToolsVersion = 14.1;
					};
				};
			};
			buildConfigurationList = DDC737A32916C6D300CC8D70 /* Build configuration list for PBXProject "firstGame" */;
			compatibilityVersion = "Xcode 14.0";
			developmentRegion = en;
			hasScannedForEncodings = 0;
			knownRegions = (
				en,
				Base,
			);
			mainGroup = DDC7379F2916C6D300CC8D70;
			productRefGroup = DDC737A92916C6D300CC8D70 /* Products */;
			projectDirPath = "";
			projectRoot = "";
			targets = (
				DDC737A72916C6D300CC8D70 /* firstGame */,
			);
		};
/* End PBXProject section */

/* Begin PBXResourcesBuildPhase section */
		DDC737A62916C6D300CC8D70 /* Resources */ = {
			isa = PBXResourcesBuildPhase;
			buildActionMask = 2147483647;
			files = (
				DDC737B82916C6D400CC8D70 /* LaunchScreen.storyboard in Resources */,
				DDC737B52916C6D400CC8D70 /* Assets.xcassets in Resources */,
				DDC737B32916C6D300CC8D70 /* Main.storyboard in Resources */,
			);
			runOnlyForDeploymentPostprocessing = 0;
		};
/* End PBXResourcesBuildPhase section */

/* Begin PBXSourcesBuildPhase section */
		DDC737A42916C6D300CC8D70 /* Sources */ = {
			isa = PBXSourcesBuildPhase;
			buildActionMask = 2147483647;
			files = (
				DD43BDB32921AD3000A1D60D /* LoseView.swift in Sources */,
				DDC737B02916C6D300CC8D70 /* MainView.swift in Sources */,
				DDC737C42917542600CC8D70 /* Support.swift in Sources */,
				DDC737AC2916C6D300CC8D70 /* AppDelegate.swift in Sources */,
				DDC737C22917534A00CC8D70 /* GameState.swift in Sources */,
				DDC737AE2916C6D300CC8D70 /* SceneDelegate.swift in Sources */,
				DDC737C02916C70900CC8D70 /* Model.swift in Sources */,
			);
			runOnlyForDeploymentPostprocessing = 0;
		};
/* End PBXSourcesBuildPhase section */

/* Begin PBXVariantGroup section */
		DDC737B12916C6D300CC8D70 /* Main.storyboard */ = {
			isa = PBXVariantGroup;
			children = (
				DDC737B22916C6D300CC8D70 /* Base */,
			);
			name = Main.storyboard;
			sourceTree = "<group>";
		};
		DDC737B62916C6D400CC8D70 /* LaunchScreen.storyboard */ = {
			isa = PBXVariantGroup;
			children = (
				DDC737B72916C6D400CC8D70 /* Base */,
			);
			name = LaunchScreen.storyboard;
			sourceTree = "<group>";
		};
/* End PBXVariantGroup section */

/* Begin XCBuildConfiguration section */
		DDC737BA2916C6D400CC8D70 /* Debug */ = {
			isa = XCBuildConfiguration;
			buildSettings = {
				ALWAYS_SEARCH_USER_PATHS = NO;
				CLANG_ANALYZER_NONNULL = YES;
				CLANG_ANALYZER_NUMBER_OBJECT_CONVERSION = YES_AGGRESSIVE;
				CLANG_CXX_LANGUAGE_STANDARD = "gnu++20";
				CLANG_ENABLE_MODULES = YES;
				CLANG_ENABLE_OBJC_ARC = YES;
				CLANG_ENABLE_OBJC_WEAK = YES;
				CLANG_WARN_BLOCK_CAPTURE_AUTORELEASING = YES;
				CLANG_WARN_BOOL_CONVERSION = YES;
				CLANG_WARN_COMMA = YES;
				CLANG_WARN_CONSTANT_CONVERSION = YES;
				CLANG_WARN_DEPRECATED_OBJC_IMPLEMENTATIONS = YES;
				CLANG_WARN_DIRECT_OBJC_ISA_USAGE = YES_ERROR;
				CLANG_WARN_DOCUMENTATION_COMMENTS = YES;
				CLANG_WARN_EMPTY_BODY = YES;
				CLANG_WARN_ENUM_CONVERSION = YES;
				CLANG_WARN_INFINITE_RECURSION = YES;
				CLANG_WARN_INT_CONVERSION = YES;
				CLANG_WARN_NON_LITERAL_NULL_CONVERSION = YES;
				CLANG_WARN_OBJC_IMPLICIT_RETAIN_SELF = YES;
				CLANG_WARN_OBJC_LITERAL_CONVERSION = YES;
				CLANG_WARN_OBJC_ROOT_CLASS = YES_ERROR;
				CLANG_WARN_QUOTED_INCLUDE_IN_FRAMEWORK_HEADER = YES;
				CLANG_WARN_RANGE_LOOP_ANALYSIS = YES;
				CLANG_WARN_STRICT_PROTOTYPES = YES;
				CLANG_WARN_SUSPICIOUS_MOVE = YES;
				CLANG_WARN_UNGUARDED_AVAILABILITY = YES_AGGRESSIVE;
				CLANG_WARN_UNREACHABLE_CODE = YES;
				CLANG_WARN__DUPLICATE_METHOD_MATCH = YES;
				COPY_PHASE_STRIP = NO;
				DEBUG_INFORMATION_FORMAT = dwarf;
				ENABLE_STRICT_OBJC_MSGSEND = YES;
				ENABLE_TESTABILITY = YES;
				GCC_C_LANGUAGE_STANDARD = gnu11;
				GCC_DYNAMIC_NO_PIC = NO;
				GCC_NO_COMMON_BLOCKS = YES;
				GCC_OPTIMIZATION_LEVEL = 0;
				GCC_PREPROCESSOR_DEFINITIONS = (
					"DEBUG=1",
					"$(inherited)",
				);
				GCC_WARN_64_TO_32_BIT_CONVERSION = YES;
				GCC_WARN_ABOUT_RETURN_TYPE = YES_ERROR;
				GCC_WARN_UNDECLARED_SELECTOR = YES;
				GCC_WARN_UNINITIALIZED_AUTOS = YES_AGGRESSIVE;
				GCC_WARN_UNUSED_FUNCTION = YES;
				GCC_WARN_UNUSED_VARIABLE = YES;
				IPHONEOS_DEPLOYMENT_TARGET = 16.1;
				MTL_ENABLE_DEBUG_INFO = INCLUDE_SOURCE;
				MTL_FAST_MATH = YES;
				ONLY_ACTIVE_ARCH = YES;
				SDKROOT = iphoneos;
				SWIFT_ACTIVE_COMPILATION_CONDITIONS = DEBUG;
				SWIFT_OPTIMIZATION_LEVEL = "-Onone";
			};
			name = Debug;
		};
		DDC737BB2916C6D400CC8D70 /* Release */ = {
			isa = XCBuildConfiguration;
			buildSettings = {
				ALWAYS_SEARCH_USER_PATHS = NO;
				CLANG_ANALYZER_NONNULL = YES;
				CLANG_ANALYZER_NUMBER_OBJECT_CONVERSION = YES_AGGRESSIVE;
				CLANG_CXX_LANGUAGE_STANDARD = "gnu++20";
				CLANG_ENABLE_MODULES = YES;
				CLANG_ENABLE_OBJC_ARC = YES;
				CLANG_ENABLE_OBJC_WEAK = YES;
				CLANG_WARN_BLOCK_CAPTURE_AUTORELEASING = YES;
				CLANG_WARN_BOOL_CONVERSION = YES;
				CLANG_WARN_COMMA = YES;
				CLANG_WARN_CONSTANT_CONVERSION = YES;
				CLANG_WARN_DEPRECATED_OBJC_IMPLEMENTATIONS = YES;
				CLANG_WARN_DIRECT_OBJC_ISA_USAGE = YES_ERROR;
				CLANG_WARN_DOCUMENTATION_COMMENTS = YES;
				CLANG_WARN_EMPTY_BODY = YES;
				CLANG_WARN_ENUM_CONVERSION = YES;
				CLANG_WARN_INFINITE_RECURSION = YES;
				CLANG_WARN_INT_CONVERSION = YES;
				CLANG_WARN_NON_LITERAL_NULL_CONVERSION = YES;
				CLANG_WARN_OBJC_IMPLICIT_RETAIN_SELF = YES;
				CLANG_WARN_OBJC_LITERAL_CONVERSION = YES;
				CLANG_WARN_OBJC_ROOT_CLASS = YES_ERROR;
				CLANG_WARN_QUOTED_INCLUDE_IN_FRAMEWORK_HEADER = YES;
				CLANG_WARN_RANGE_LOOP_ANALYSIS = YES;
				CLANG_WARN_STRICT_PROTOTYPES = YES;
				CLANG_WARN_SUSPICIOUS_MOVE = YES;
				CLANG_WARN_UNGUARDED_AVAILABILITY = YES_AGGRESSIVE;
				CLANG_WARN_UNREACHABLE_CODE = YES;
				CLANG_WARN__DUPLICATE_METHOD_MATCH = YES;
				COPY_PHASE_STRIP = NO;
				DEBUG_INFORMATION_FORMAT = "dwarf-with-dsym";
				ENABLE_NS_ASSERTIONS = NO;
				ENABLE_STRICT_OBJC_MSGSEND = YES;
				GCC_C_LANGUAGE_STANDARD = gnu11;
				GCC_NO_COMMON_BLOCKS = YES;
				GCC_WARN_64_TO_32_BIT_CONVERSION = YES;
				GCC_WARN_ABOUT_RETURN_TYPE = YES_ERROR;
				GCC_WARN_UNDECLARED_SELECTOR = YES;
				GCC_WARN_UNINITIALIZED_AUTOS = YES_AGGRESSIVE;
				GCC_WARN_UNUSED_FUNCTION = YES;
				GCC_WARN_UNUSED_VARIABLE = YES;
				IPHONEOS_DEPLOYMENT_TARGET = 16.1;
				MTL_ENABLE_DEBUG_INFO = NO;
				MTL_FAST_MATH = YES;
				SDKROOT = iphoneos;
				SWIFT_COMPILATION_MODE = wholemodule;
				SWIFT_OPTIMIZATION_LEVEL = "-O";
				VALIDATE_PRODUCT = YES;
			};
			name = Release;
		};
		DDC737BD2916C6D400CC8D70 /* Debug */ = {
			isa = XCBuildConfiguration;
			buildSettings = {
				ASSETCATALOG_COMPILER_APPICON_NAME = AppIcon;
				ASSETCATALOG_COMPILER_GLOBAL_ACCENT_COLOR_NAME = AccentColor;
				CODE_SIGN_STYLE = Automatic;
				CURRENT_PROJECT_VERSION = 1;
				DEVELOPMENT_TEAM = XK8N275UJ5;
				GENERATE_INFOPLIST_FILE = YES;
				INFOPLIST_FILE = firstGame/Info.plist;
				INFOPLIST_KEY_UIApplicationSupportsIndirectInputEvents = YES;
				INFOPLIST_KEY_UILaunchStoryboardName = LaunchScreen;
				INFOPLIST_KEY_UIMainStoryboardFile = Main;
				INFOPLIST_KEY_UISupportedInterfaceOrientations = UIInterfaceOrientationPortrait;
				LD_RUNPATH_SEARCH_PATHS = (
					"$(inherited)",
					"@executable_path/Frameworks",
				);
				MARKETING_VERSION = 1.0;
				PRODUCT_BUNDLE_IDENTIFIER = ru.mamba.firstGame;
				PRODUCT_NAME = "$(TARGET_NAME)";
				SUPPORTED_PLATFORMS = "iphoneos iphonesimulator";
				SUPPORTS_MACCATALYST = NO;
				SUPPORTS_MAC_DESIGNED_FOR_IPHONE_IPAD = YES;
				SWIFT_EMIT_LOC_STRINGS = YES;
				SWIFT_VERSION = 5.0;
				TARGETED_DEVICE_FAMILY = 1;
			};
			name = Debug;
		};
		DDC737BE2916C6D400CC8D70 /* Release */ = {
			isa = XCBuildConfiguration;
			buildSettings = {
				ASSETCATALOG_COMPILER_APPICON_NAME = AppIcon;
				ASSETCATALOG_COMPILER_GLOBAL_ACCENT_COLOR_NAME = AccentColor;
				CODE_SIGN_STYLE = Automatic;
				CURRENT_PROJECT_VERSION = 1;
				DEVELOPMENT_TEAM = XK8N275UJ5;
				GENERATE_INFOPLIST_FILE = YES;
				INFOPLIST_FILE = firstGame/Info.plist;
				INFOPLIST_KEY_UIApplicationSupportsIndirectInputEvents = YES;
				INFOPLIST_KEY_UILaunchStoryboardName = LaunchScreen;
				INFOPLIST_KEY_UIMainStoryboardFile = Main;
				INFOPLIST_KEY_UISupportedInterfaceOrientations = UIInterfaceOrientationPortrait;
				LD_RUNPATH_SEARCH_PATHS = (
					"$(inherited)",
					"@executable_path/Frameworks",
				);
				MARKETING_VERSION = 1.0;
				PRODUCT_BUNDLE_IDENTIFIER = ru.mamba.firstGame;
				PRODUCT_NAME = "$(TARGET_NAME)";
				SUPPORTED_PLATFORMS = "iphoneos iphonesimulator";
				SUPPORTS_MACCATALYST = NO;
				SUPPORTS_MAC_DESIGNED_FOR_IPHONE_IPAD = YES;
				SWIFT_EMIT_LOC_STRINGS = YES;
				SWIFT_VERSION = 5.0;
				TARGETED_DEVICE_FAMILY = 1;
			};
			name = Release;
		};
/* End XCBuildConfiguration section */

/* Begin XCConfigurationList section */
		DDC737A32916C6D300CC8D70 /* Build configuration list for PBXProject "firstGame" */ = {
			isa = XCConfigurationList;
			buildConfigurations = (
				DDC737BA2916C6D400CC8D70 /* Debug */,
				DDC737BB2916C6D400CC8D70 /* Release */,
			);
			defaultConfigurationIsVisible = 0;
			defaultConfigurationName = Release;
		};
		DDC737BC2916C6D400CC8D70 /* Build configuration list for PBXNativeTarget "firstGame" */ = {
			isa = XCConfigurationList;
			buildConfigurations = (
				DDC737BD2916C6D400CC8D70 /* Debug */,
				DDC737BE2916C6D400CC8D70 /* Release */,
			);
			defaultConfigurationIsVisible = 0;
			defaultConfigurationName = Release;
		};
/* End XCConfigurationList section */
	};
	rootObject = DDC737A02916C6D300CC8D70 /* Project object */;
}
